
Microsoft Visual Studio Solution File, Format Version 12.00
# Visual Studio Version 16
VisualStudioVersion = 16.0.31005.135
MinimumVisualStudioVersion = 10.0.40219.1
Project("{FAE04EC0-301F-11D3-BF4B-00C04F79EFBC}") = "E2DescargarImagen", "E2DescargarImagen\E2DescargarImagen.csproj", "{26377C62-1A79-42C0-BC3D-984C7D095F07}"
EndProject
Global
	GlobalSection(SolutionConfigurationPlatforms) = preSolution
		Debug|Any CPU = Debug|Any CPU
		Release|Any CPU = Release|Any CPU
	EndGlobalSection
	GlobalSection(ProjectConfigurationPlatforms) = postSolution
		{26377C62-1A79-42C0-BC3D-984C7D095F07}.Debug|Any CPU.ActiveCfg = Debug|Any CPU
		{26377C62-1A79-42C0-BC3D-984C7D095F07}.Debug|Any CPU.Build.0 = Debug|Any CPU
		{26377C62-1A79-42C0-BC3D-984C7D095F07}.Debug|Any CPU.Deploy.0 = Debug|Any CPU
		{26377C62-1A79-42C0-BC3D-984C7D095F07}.Release|Any CPU.ActiveCfg = Release|Any CPU
		{26377C62-1A79-42C0-BC3D-984C7D095F07}.Release|Any CPU.Build.0 = Release|Any CPU
		{26377C62-1A79-42C0-BC3D-984C7D095F07}.Release|Any CPU.Deploy.0 = Release|Any CPU
	EndGlobalSection
	GlobalSection(SolutionProperties) = preSolution
		HideSolutionNode = FALSE
	EndGlobalSection
	GlobalSection(ExtensibilityGlobals) = postSolution
		SolutionGuid = {2A94A323-2F0E-4057-BF4E-CBAC5C68713A}
	EndGlobalSection
EndGlobal
